
Microsoft Visual Studio Solution File, Format Version 12.00
# Visual Studio Version 17
VisualStudioVersion = 17.5.002.0
MinimumVisualStudioVersion = 10.0.40219.1
Project("{2150E333-8FDC-42A3-9474-1A3956D46DE8}") = "AdoNetTest", "AdoNetTest", "{6F43C42A-093F-4BC5-9B76-48D42A909551}"
EndProject
Project("{9A19103F-16F7-4668-BE54-9A1E7A4F7556}") = "DemoApp", "AdoNetTest\DemoApp1\DemoApp.csproj", "{EF89CDE4-6C27-4B9C-8EEE-B187E6A8EC78}"
EndProject
Project("{9A19103F-16F7-4668-BE54-9A1E7A4F7556}") = "DemoApp (1)", "AdoNetTest\DemoApp2\DemoApp.csproj", "{0EC8C0D3-A374-4773-A77A-714E1115346B}"
EndProject
Project("{9A19103F-16F7-4668-BE54-9A1E7A4F7556}") = "DemoApp (2)", "AdoNetTest\DemoApp3\DemoApp.csproj", "{2F1C3DC3-FDD9-4942-A346-9B9189D1184B}"
EndProject
Project("{2150E333-8FDC-42A3-9474-1A3956D46DE8}") = "AspNetCoreEndpointTest", "AspNetCoreEndpointTest", "{26B816BE-8D86-4E2B-9E41-6B1B84F6D486}"
EndProject
Project("{9A19103F-16F7-4668-BE54-9A1E7A4F7556}") = "DemoApp", "AspNetCoreEndpointTest\DemoApp1\DemoApp.csproj", "{68C82E9F-54DA-4AC0-AB60-B4A031FB2D94}"
EndProject
Project("{9A19103F-16F7-4668-BE54-9A1E7A4F7556}") = "DemoApp (1)", "AspNetCoreEndpointTest\DemoApp2\DemoApp.csproj", "{D6EA8227-4FFA-48E0-9973-51021131D570}"
EndProject
Project("{2150E333-8FDC-42A3-9474-1A3956D46DE8}") = "AspNetCoreMiddlewareTest", "AspNetCoreMiddlewareTest", "{CD7E933A-C36E-4392-9F36-BBD70B5B2316}"
EndProject
Project("{9A19103F-16F7-4668-BE54-9A1E7A4F7556}") = "DemoApp", "AspNetCoreMiddlewareTest\DemoApp\DemoApp.csproj", "{DC903F56-75DD-4567-9A0F-8C79828BA4CC}"
EndProject
Project("{2150E333-8FDC-42A3-9474-1A3956D46DE8}") = "AsyncParallelTest", "AsyncParallelTest", "{25A856AE-CA5F-4DF2-9778-D83722D7BB60}"
EndProject
Project("{9A19103F-16F7-4668-BE54-9A1E7A4F7556}") = "DemoApp", "AsyncParallelTest\DemoApp\DemoApp.csproj", "{AEC5FDDB-4457-47EC-83D1-8827BD170AF5}"
EndProject
Project("{2150E333-8FDC-42A3-9474-1A3956D46DE8}") = "EFCoreTest", "EFCoreTest", "{49CD7F43-8E53-4DE5-A4C7-4E01B58AE199}"
EndProject
Project("{9A19103F-16F7-4668-BE54-9A1E7A4F7556}") = "DemoApp", "EFCoreTest\DemoApp1\DemoApp.csproj", "{AAF34D71-02A2-4EB4-BA8E-26E0A360886B}"
EndProject
Project("{9A19103F-16F7-4668-BE54-9A1E7A4F7556}") = "DemoApp (1)", "EFCoreTest\DemoApp2\DemoApp.csproj", "{631EDA07-36E6-463A-AC0E-729EB2891D08}"
EndProject
Project("{2150E333-8FDC-42A3-9474-1A3956D46DE8}") = "FileStreamTest", "FileStreamTest", "{EB5EF09F-C70D-418F-A2AC-049169272790}"
EndProject
Project("{9A19103F-16F7-4668-BE54-9A1E7A4F7556}") = "DemoApp", "FileStreamTest\DemoApp1\DemoApp.csproj", "{634420A3-35EF-46C7-97B8-4EF2231D48F7}"
EndProject
Project("{9A19103F-16F7-4668-BE54-9A1E7A4F7556}") = "DemoApp (1)", "FileStreamTest\DemoApp2\DemoApp.csproj", "{B57A1557-7542-4945-8DFB-C24E83E2A940}"
EndProject
Project("{9A19103F-16F7-4668-BE54-9A1E7A4F7556}") = "MetTourLib", "FileStreamTest\MetTourLib\MetTourLib.csproj", "{3F98F9F9-07D4-410C-A908-ECF96D0600F1}"
EndProject
Project("{2150E333-8FDC-42A3-9474-1A3956D46DE8}") = "TcpSocketTest", "TcpSocketTest", "{5FE7FE6F-C9BD-46B3-A5E4-E7BBCE40833B}"
EndProject
Project("{9A19103F-16F7-4668-BE54-9A1E7A4F7556}") = "DemoApp", "TcpSocketTest\DemoApp1\DemoApp.csproj", "{FC7D8565-FF1C-4296-9919-F16AFF32CFE2}"
EndProject
Project("{9A19103F-16F7-4668-BE54-9A1E7A4F7556}") = "DemoApp (1)", "TcpSocketTest\DemoApp2\DemoApp.csproj", "{2EEC9126-FBF4-41BB-B176-2628F0CBA3F4}"
EndProject
Project("{9A19103F-16F7-4668-BE54-9A1E7A4F7556}") = "DemoApp (2)", "TcpSocketTest\DemoApp3\DemoApp.csproj", "{AD93F753-887D-4C1E-90E2-9FDB698713C3}"
EndProject
Project("{2150E333-8FDC-42A3-9474-1A3956D46DE8}") = "ThreadTest", "ThreadTest", "{237E8D01-D26E-45C7-A4B2-26D06620DE56}"
EndProject
Project("{9A19103F-16F7-4668-BE54-9A1E7A4F7556}") = "DemoApp", "ThreadTest\DemoApp1\DemoApp.csproj", "{2481D752-495A-4EAA-86B3-FE11D2E1C6B3}"
EndProject
Project("{9A19103F-16F7-4668-BE54-9A1E7A4F7556}") = "DemoApp (1)", "ThreadTest\DemoApp2\DemoApp.csproj", "{32760700-7DFD-40BF-A88E-A0F3A06146F4}"
EndProject
Project("{9A19103F-16F7-4668-BE54-9A1E7A4F7556}") = "DemoApp (2)", "ThreadTest\DemoApp3\DemoApp.csproj", "{C6DC124E-FD37-4C09-B980-603144B41129}"
EndProject
Global
	GlobalSection(SolutionConfigurationPlatforms) = preSolution
		Debug|Any CPU = Debug|Any CPU
		Release|Any CPU = Release|Any CPU
	EndGlobalSection
	GlobalSection(ProjectConfigurationPlatforms) = postSolution
		{EF89CDE4-6C27-4B9C-8EEE-B187E6A8EC78}.Debug|Any CPU.ActiveCfg = Debug|Any CPU
		{EF89CDE4-6C27-4B9C-8EEE-B187E6A8EC78}.Debug|Any CPU.Build.0 = Debug|Any CPU
		{EF89CDE4-6C27-4B9C-8EEE-B187E6A8EC78}.Release|Any CPU.ActiveCfg = Release|Any CPU
		{EF89CDE4-6C27-4B9C-8EEE-B187E6A8EC78}.Release|Any CPU.Build.0 = Release|Any CPU
		{0EC8C0D3-A374-4773-A77A-714E1115346B}.Debug|Any CPU.ActiveCfg = Debug|Any CPU
		{0EC8C0D3-A374-4773-A77A-714E1115346B}.Debug|Any CPU.Build.0 = Debug|Any CPU
		{0EC8C0D3-A374-4773-A77A-714E1115346B}.Release|Any CPU.ActiveCfg = Release|Any CPU
		{0EC8C0D3-A374-4773-A77A-714E1115346B}.Release|Any CPU.Build.0 = Release|Any CPU
		{2F1C3DC3-FDD9-4942-A346-9B9189D1184B}.Debug|Any CPU.ActiveCfg = Debug|Any CPU
		{2F1C3DC3-FDD9-4942-A346-9B9189D1184B}.Debug|Any CPU.Build.0 = Debug|Any CPU
		{2F1C3DC3-FDD9-4942-A346-9B9189D1184B}.Release|Any CPU.ActiveCfg = Release|Any CPU
		{2F1C3DC3-FDD9-4942-A346-9B9189D1184B}.Release|Any CPU.Build.0 = Release|Any CPU
		{68C82E9F-54DA-4AC0-AB60-B4A031FB2D94}.Debug|Any CPU.ActiveCfg = Debug|Any CPU
		{68C82E9F-54DA-4AC0-AB60-B4A031FB2D94}.Debug|Any CPU.Build.0 = Debug|Any CPU
		{68C82E9F-54DA-4AC0-AB60-B4A031FB2D94}.Release|Any CPU.ActiveCfg = Release|Any CPU
		{68C82E9F-54DA-4AC0-AB60-B4A031FB2D94}.Release|Any CPU.Build.0 = Release|Any CPU
		{D6EA8227-4FFA-48E0-9973-51021131D570}.Debug|Any CPU.ActiveCfg = Debug|Any CPU
		{D6EA8227-4FFA-48E0-9973-51021131D570}.Debug|Any CPU.Build.0 = Debug|Any CPU
		{D6EA8227-4FFA-48E0-9973-51021131D570}.Release|Any CPU.ActiveCfg = Release|Any CPU
		{D6EA8227-4FFA-48E0-9973-51021131D570}.Release|Any CPU.Build.0 = Release|Any CPU
		{DC903F56-75DD-4567-9A0F-8C79828BA4CC}.Debug|Any CPU.ActiveCfg = Debug|Any CPU
		{DC903F56-75DD-4567-9A0F-8C79828BA4CC}.Debug|Any CPU.Build.0 = Debug|Any CPU
		{DC903F56-75DD-4567-9A0F-8C79828BA4CC}.Release|Any CPU.ActiveCfg = Release|Any CPU
		{DC903F56-75DD-4567-9A0F-8C79828BA4CC}.Release|Any CPU.Build.0 = Release|Any CPU
		{AEC5FDDB-4457-47EC-83D1-8827BD170AF5}.Debug|Any CPU.ActiveCfg = Debug|Any CPU
		{AEC5FDDB-4457-47EC-83D1-8827BD170AF5}.Debug|Any CPU.Build.0 = Debug|Any CPU
		{AEC5FDDB-4457-47EC-83D1-8827BD170AF5}.Release|Any CPU.ActiveCfg = Release|Any CPU
		{AEC5FDDB-4457-47EC-83D1-8827BD170AF5}.Release|Any CPU.Build.0 = Release|Any CPU
		{AAF34D71-02A2-4EB4-BA8E-26E0A360886B}.Debug|Any CPU.ActiveCfg = Debug|Any CPU
		{AAF34D71-02A2-4EB4-BA8E-26E0A360886B}.Debug|Any CPU.Build.0 = Debug|Any CPU
		{AAF34D71-02A2-4EB4-BA8E-26E0A360886B}.Release|Any CPU.ActiveCfg = Release|Any CPU
		{AAF34D71-02A2-4EB4-BA8E-26E0A360886B}.Release|Any CPU.Build.0 = Release|Any CPU
		{631EDA07-36E6-463A-AC0E-729EB2891D08}.Debug|Any CPU.ActiveCfg = Debug|Any CPU
		{631EDA07-36E6-463A-AC0E-729EB2891D08}.Debug|Any CPU.Build.0 = Debug|Any CPU
		{631EDA07-36E6-463A-AC0E-729EB2891D08}.Release|Any CPU.ActiveCfg = Release|Any CPU
		{631EDA07-36E6-463A-AC0E-729EB2891D08}.Release|Any CPU.Build.0 = Release|Any CPU
		{634420A3-35EF-46C7-97B8-4EF2231D48F7}.Debug|Any CPU.ActiveCfg = Debug|Any CPU
		{634420A3-35EF-46C7-97B8-4EF2231D48F7}.Debug|Any CPU.Build.0 = Debug|Any CPU
		{634420A3-35EF-46C7-97B8-4EF2231D48F7}.Release|Any CPU.ActiveCfg = Release|Any CPU
		{634420A3-35EF-46C7-97B8-4EF2231D48F7}.Release|Any CPU.Build.0 = Release|Any CPU
		{B57A1557-7542-4945-8DFB-C24E83E2A940}.Debug|Any CPU.ActiveCfg = Debug|Any CPU
		{B57A1557-7542-4945-8DFB-C24E83E2A940}.Debug|Any CPU.Build.0 = Debug|Any CPU
		{B57A1557-7542-4945-8DFB-C24E83E2A940}.Release|Any CPU.ActiveCfg = Release|Any CPU
		{B57A1557-7542-4945-8DFB-C24E83E2A940}.Release|Any CPU.Build.0 = Release|Any CPU
		{3F98F9F9-07D4-410C-A908-ECF96D0600F1}.Debug|Any CPU.ActiveCfg = Debug|Any CPU
		{3F98F9F9-07D4-410C-A908-ECF96D0600F1}.Debug|Any CPU.Build.0 = Debug|Any CPU
		{3F98F9F9-07D4-410C-A908-ECF96D0600F1}.Release|Any CPU.ActiveCfg = Release|Any CPU
		{3F98F9F9-07D4-410C-A908-ECF96D0600F1}.Release|Any CPU.Build.0 = Release|Any CPU
		{FC7D8565-FF1C-4296-9919-F16AFF32CFE2}.Debug|Any CPU.ActiveCfg = Debug|Any CPU
		{FC7D8565-FF1C-4296-9919-F16AFF32CFE2}.Debug|Any CPU.Build.0 = Debug|Any CPU
		{FC7D8565-FF1C-4296-9919-F16AFF32CFE2}.Release|Any CPU.ActiveCfg = Release|Any CPU
		{FC7D8565-FF1C-4296-9919-F16AFF32CFE2}.Release|Any CPU.Build.0 = Release|Any CPU
		{2EEC9126-FBF4-41BB-B176-2628F0CBA3F4}.Debug|Any CPU.ActiveCfg = Debug|Any CPU
		{2EEC9126-FBF4-41BB-B176-2628F0CBA3F4}.Debug|Any CPU.Build.0 = Debug|Any CPU
		{2EEC9126-FBF4-41BB-B176-2628F0CBA3F4}.Release|Any CPU.ActiveCfg = Release|Any CPU
		{2EEC9126-FBF4-41BB-B176-2628F0CBA3F4}.Release|Any CPU.Build.0 = Release|Any CPU
		{AD93F753-887D-4C1E-90E2-9FDB698713C3}.Debug|Any CPU.ActiveCfg = Debug|Any CPU
		{AD93F753-887D-4C1E-90E2-9FDB698713C3}.Debug|Any CPU.Build.0 = Debug|Any CPU
		{AD93F753-887D-4C1E-90E2-9FDB698713C3}.Release|Any CPU.ActiveCfg = Release|Any CPU
		{AD93F753-887D-4C1E-90E2-9FDB698713C3}.Release|Any CPU.Build.0 = Release|Any CPU
		{2481D752-495A-4EAA-86B3-FE11D2E1C6B3}.Debug|Any CPU.ActiveCfg = Debug|Any CPU
		{2481D752-495A-4EAA-86B3-FE11D2E1C6B3}.Debug|Any CPU.Build.0 = Debug|Any CPU
		{2481D752-495A-4EAA-86B3-FE11D2E1C6B3}.Release|Any CPU.ActiveCfg = Release|Any CPU
		{2481D752-495A-4EAA-86B3-FE11D2E1C6B3}.Release|Any CPU.Build.0 = Release|Any CPU
		{32760700-7DFD-40BF-A88E-A0F3A06146F4}.Debug|Any CPU.ActiveCfg = Debug|Any CPU
		{32760700-7DFD-40BF-A88E-A0F3A06146F4}.Debug|Any CPU.Build.0 = Debug|Any CPU
		{32760700-7DFD-40BF-A88E-A0F3A06146F4}.Release|Any CPU.ActiveCfg = Release|Any CPU
		{32760700-7DFD-40BF-A88E-A0F3A06146F4}.Release|Any CPU.Build.0 = Release|Any CPU
		{C6DC124E-FD37-4C09-B980-603144B41129}.Debug|Any CPU.ActiveCfg = Debug|Any CPU
		{C6DC124E-FD37-4C09-B980-603144B41129}.Debug|Any CPU.Build.0 = Debug|Any CPU
		{C6DC124E-FD37-4C09-B980-603144B41129}.Release|Any CPU.ActiveCfg = Release|Any CPU
		{C6DC124E-FD37-4C09-B980-603144B41129}.Release|Any CPU.Build.0 = Release|Any CPU
	EndGlobalSection
	GlobalSection(SolutionProperties) = preSolution
		HideSolutionNode = FALSE
	EndGlobalSection
	GlobalSection(NestedProjects) = preSolution
		{EF89CDE4-6C27-4B9C-8EEE-B187E6A8EC78} = {6F43C42A-093F-4BC5-9B76-48D42A909551}
		{0EC8C0D3-A374-4773-A77A-714E1115346B} = {6F43C42A-093F-4BC5-9B76-48D42A909551}
		{2F1C3DC3-FDD9-4942-A346-9B9189D1184B} = {6F43C42A-093F-4BC5-9B76-48D42A909551}
		{68C82E9F-54DA-4AC0-AB60-B4A031FB2D94} = {26B816BE-8D86-4E2B-9E41-6B1B84F6D486}
		{D6EA8227-4FFA-48E0-9973-51021131D570} = {26B816BE-8D86-4E2B-9E41-6B1B84F6D486}
		{DC903F56-75DD-4567-9A0F-8C79828BA4CC} = {CD7E933A-C36E-4392-9F36-BBD70B5B2316}
		{AEC5FDDB-4457-47EC-83D1-8827BD170AF5} = {25A856AE-CA5F-4DF2-9778-D83722D7BB60}
		{AAF34D71-02A2-4EB4-BA8E-26E0A360886B} = {49CD7F43-8E53-4DE5-A4C7-4E01B58AE199}
		{631EDA07-36E6-463A-AC0E-729EB2891D08} = {49CD7F43-8E53-4DE5-A4C7-4E01B58AE199}
		{634420A3-35EF-46C7-97B8-4EF2231D48F7} = {EB5EF09F-C70D-418F-A2AC-049169272790}
		{B57A1557-7542-4945-8DFB-C24E83E2A940} = {EB5EF09F-C70D-418F-A2AC-049169272790}
		{3F98F9F9-07D4-410C-A908-ECF96D0600F1} = {EB5EF09F-C70D-418F-A2AC-049169272790}
		{FC7D8565-FF1C-4296-9919-F16AFF32CFE2} = {5FE7FE6F-C9BD-46B3-A5E4-E7BBCE40833B}
		{2EEC9126-FBF4-41BB-B176-2628F0CBA3F4} = {5FE7FE6F-C9BD-46B3-A5E4-E7BBCE40833B}
		{AD93F753-887D-4C1E-90E2-9FDB698713C3} = {5FE7FE6F-C9BD-46B3-A5E4-E7BBCE40833B}
		{2481D752-495A-4EAA-86B3-FE11D2E1C6B3} = {237E8D01-D26E-45C7-A4B2-26D06620DE56}
		{32760700-7DFD-40BF-A88E-A0F3A06146F4} = {237E8D01-D26E-45C7-A4B2-26D06620DE56}
		{C6DC124E-FD37-4C09-B980-603144B41129} = {237E8D01-D26E-45C7-A4B2-26D06620DE56}
	EndGlobalSection
	GlobalSection(ExtensibilityGlobals) = postSolution
		SolutionGuid = {F8A5A295-DE3A-4EF9-92C5-EA7147E54588}
	EndGlobalSection
EndGlobal
