
Microsoft Visual Studio Solution File, Format Version 12.00
# Visual Studio Version 17
VisualStudioVersion = 17.5.002.0
MinimumVisualStudioVersion = 10.0.40219.1
Project("{9A19103F-16F7-4668-BE54-9A1E7A4F7556}") = "DemoApp", "DemoApp.csproj", "{CD0B72E4-3390-4FE5-A598-B26682C3F79F}"
EndProject
Global
	GlobalSection(SolutionConfigurationPlatforms) = preSolution
		Debug|Any CPU = Debug|Any CPU
		Release|Any CPU = Release|Any CPU
	EndGlobalSection
	GlobalSection(ProjectConfigurationPlatforms) = postSolution
		{CD0B72E4-3390-4FE5-A598-B26682C3F79F}.Debug|Any CPU.ActiveCfg = Debug|Any CPU
		{CD0B72E4-3390-4FE5-A598-B26682C3F79F}.Debug|Any CPU.Build.0 = Debug|Any CPU
		{CD0B72E4-3390-4FE5-A598-B26682C3F79F}.Release|Any CPU.ActiveCfg = Release|Any CPU
		{CD0B72E4-3390-4FE5-A598-B26682C3F79F}.Release|Any CPU.Build.0 = Release|Any CPU
	EndGlobalSection
	GlobalSection(SolutionProperties) = preSolution
		HideSolutionNode = FALSE
	EndGlobalSection
	GlobalSection(ExtensibilityGlobals) = postSolution
		SolutionGuid = {67FD9782-21E1-404B-ACDE-FD53F6BACFA9}
	EndGlobalSection
EndGlobal
