
Microsoft Visual Studio Solution File, Format Version 12.00
# Visual Studio Version 17
VisualStudioVersion = 17.5.002.0
MinimumVisualStudioVersion = 10.0.40219.1
Project("{9A19103F-16F7-4668-BE54-9A1E7A4F7556}") = "DemoApp", "DemoApp.csproj", "{FD527BF1-5F2A-4B6E-98D8-AD5FF2B0E7CF}"
EndProject
Global
	GlobalSection(SolutionConfigurationPlatforms) = preSolution
		Debug|Any CPU = Debug|Any CPU
		Release|Any CPU = Release|Any CPU
	EndGlobalSection
	GlobalSection(ProjectConfigurationPlatforms) = postSolution
		{FD527BF1-5F2A-4B6E-98D8-AD5FF2B0E7CF}.Debug|Any CPU.ActiveCfg = Debug|Any CPU
		{FD527BF1-5F2A-4B6E-98D8-AD5FF2B0E7CF}.Debug|Any CPU.Build.0 = Debug|Any CPU
		{FD527BF1-5F2A-4B6E-98D8-AD5FF2B0E7CF}.Release|Any CPU.ActiveCfg = Release|Any CPU
		{FD527BF1-5F2A-4B6E-98D8-AD5FF2B0E7CF}.Release|Any CPU.Build.0 = Release|Any CPU
	EndGlobalSection
	GlobalSection(SolutionProperties) = preSolution
		HideSolutionNode = FALSE
	EndGlobalSection
	GlobalSection(ExtensibilityGlobals) = postSolution
		SolutionGuid = {AE896355-8866-4EDC-BD35-7B4BA2D37499}
	EndGlobalSection
EndGlobal
