
Microsoft Visual Studio Solution File, Format Version 12.00
# Visual Studio Version 17
VisualStudioVersion = 17.5.002.0
MinimumVisualStudioVersion = 10.0.40219.1
Project("{9A19103F-16F7-4668-BE54-9A1E7A4F7556}") = "DemoApp", "DemoApp.csproj", "{A39EEA0E-06F3-47A3-8914-F83676372EE9}"
EndProject
Global
	GlobalSection(SolutionConfigurationPlatforms) = preSolution
		Debug|Any CPU = Debug|Any CPU
		Release|Any CPU = Release|Any CPU
	EndGlobalSection
	GlobalSection(ProjectConfigurationPlatforms) = postSolution
		{A39EEA0E-06F3-47A3-8914-F83676372EE9}.Debug|Any CPU.ActiveCfg = Debug|Any CPU
		{A39EEA0E-06F3-47A3-8914-F83676372EE9}.Debug|Any CPU.Build.0 = Debug|Any CPU
		{A39EEA0E-06F3-47A3-8914-F83676372EE9}.Release|Any CPU.ActiveCfg = Release|Any CPU
		{A39EEA0E-06F3-47A3-8914-F83676372EE9}.Release|Any CPU.Build.0 = Release|Any CPU
	EndGlobalSection
	GlobalSection(SolutionProperties) = preSolution
		HideSolutionNode = FALSE
	EndGlobalSection
	GlobalSection(ExtensibilityGlobals) = postSolution
		SolutionGuid = {A4B8A1CD-18F4-4B80-AE48-73FC093F5E73}
	EndGlobalSection
EndGlobal
